
Microsoft Visual Studio Solution File, Format Version 12.00
# Visual Studio 2013
VisualStudioVersion = 12.0.31101.0
MinimumVisualStudioVersion = 10.0.40219.1
Project("{F184B08F-C81C-45F6-A57F-5ABD9991F28F}") = "HEV_Pkg_Inspection_CNTRL", "HEV_Pkg_Inspection_CNTRL\HEV_Pkg_Inspection_CNTRL.vbproj", "{145233EC-53B5-4C9F-886B-11D6435975A6}"
EndProject
Global
	GlobalSection(SolutionConfigurationPlatforms) = preSolution
		Debug|Any CPU = Debug|Any CPU
		Release|Any CPU = Release|Any CPU
	EndGlobalSection
	GlobalSection(ProjectConfigurationPlatforms) = postSolution
		{145233EC-53B5-4C9F-886B-11D6435975A6}.Debug|Any CPU.ActiveCfg = Debug|Any CPU
		{145233EC-53B5-4C9F-886B-11D6435975A6}.Debug|Any CPU.Build.0 = Debug|Any CPU
		{145233EC-53B5-4C9F-886B-11D6435975A6}.Release|Any CPU.ActiveCfg = Release|Any CPU
		{145233EC-53B5-4C9F-886B-11D6435975A6}.Release|Any CPU.Build.0 = Release|Any CPU
	EndGlobalSection
	GlobalSection(SolutionProperties) = preSolution
		HideSolutionNode = FALSE
	EndGlobalSection
EndGlobal
